
Microsoft Visual Studio Solution File, Format Version 12.00
Project("{FAE04EC0-301F-11D3-BF4B-00C04F79EFBC}") = "Day01", "Day01\Day01.csproj", "{55FE15E6-7AF8-460D-A929-C87CE1BE8E5C}"
EndProject
Project("{FAE04EC0-301F-11D3-BF4B-00C04F79EFBC}") = "Day02", "Day02\Day02.csproj", "{28225E19-93A8-4F28-B964-470E77515DBF}"
EndProject
Project("{FAE04EC0-301F-11D3-BF4B-00C04F79EFBC}") = "Day03", "Day03\Day03.csproj", "{B4BCAA77-A9EC-4949-81C0-321C4587C4EC}"
EndProject
Project("{FAE04EC0-301F-11D3-BF4B-00C04F79EFBC}") = "Helpers", "Helpers\Helpers.csproj", "{B10EEC0A-7568-4946-822D-4FEEC5EF3F73}"
EndProject
Project("{FAE04EC0-301F-11D3-BF4B-00C04F79EFBC}") = "Day04", "Day04\Day04.csproj", "{E0E2A799-6CF4-40B3-A9F8-D798BAC4200E}"
EndProject
Project("{FAE04EC0-301F-11D3-BF4B-00C04F79EFBC}") = "Day05", "Day05\Day05.csproj", "{76BCD427-709C-4C91-ABBE-3E29E7B73FBC}"
EndProject
Project("{FAE04EC0-301F-11D3-BF4B-00C04F79EFBC}") = "Day06", "Day06\Day06.csproj", "{0D9B6917-D339-47E9-8D26-1AE33B8B8F9A}"
EndProject
Project("{FAE04EC0-301F-11D3-BF4B-00C04F79EFBC}") = "Day07", "Day07\Day07.csproj", "{1E445099-BCF3-4760-AC75-920E1A2E48E2}"
EndProject
Project("{FAE04EC0-301F-11D3-BF4B-00C04F79EFBC}") = "Day08", "Day08\Day08.csproj", "{22305A43-81C9-4AFF-BE43-468432FA9783}"
EndProject
Project("{FAE04EC0-301F-11D3-BF4B-00C04F79EFBC}") = "Day09", "Day09\Day09.csproj", "{DB5618A9-C0FE-4E56-BED4-2FAD9DED2448}"
EndProject
Project("{FAE04EC0-301F-11D3-BF4B-00C04F79EFBC}") = "Day10", "Day10\Day10.csproj", "{275280B9-6E08-4141-9807-EFECC6FB1A5A}"
EndProject
Project("{FAE04EC0-301F-11D3-BF4B-00C04F79EFBC}") = "Day11", "Day11\Day11.csproj", "{AA566795-F28C-47C2-A3E1-A0878BAA9406}"
EndProject
Global
	GlobalSection(SolutionConfigurationPlatforms) = preSolution
		Debug|Any CPU = Debug|Any CPU
		Release|Any CPU = Release|Any CPU
	EndGlobalSection
	GlobalSection(ProjectConfigurationPlatforms) = postSolution
		{55FE15E6-7AF8-460D-A929-C87CE1BE8E5C}.Debug|Any CPU.ActiveCfg = Debug|Any CPU
		{55FE15E6-7AF8-460D-A929-C87CE1BE8E5C}.Debug|Any CPU.Build.0 = Debug|Any CPU
		{55FE15E6-7AF8-460D-A929-C87CE1BE8E5C}.Release|Any CPU.ActiveCfg = Release|Any CPU
		{55FE15E6-7AF8-460D-A929-C87CE1BE8E5C}.Release|Any CPU.Build.0 = Release|Any CPU
		{28225E19-93A8-4F28-B964-470E77515DBF}.Debug|Any CPU.ActiveCfg = Debug|Any CPU
		{28225E19-93A8-4F28-B964-470E77515DBF}.Debug|Any CPU.Build.0 = Debug|Any CPU
		{28225E19-93A8-4F28-B964-470E77515DBF}.Release|Any CPU.ActiveCfg = Release|Any CPU
		{28225E19-93A8-4F28-B964-470E77515DBF}.Release|Any CPU.Build.0 = Release|Any CPU
		{B4BCAA77-A9EC-4949-81C0-321C4587C4EC}.Debug|Any CPU.ActiveCfg = Debug|Any CPU
		{B4BCAA77-A9EC-4949-81C0-321C4587C4EC}.Debug|Any CPU.Build.0 = Debug|Any CPU
		{B4BCAA77-A9EC-4949-81C0-321C4587C4EC}.Release|Any CPU.ActiveCfg = Release|Any CPU
		{B4BCAA77-A9EC-4949-81C0-321C4587C4EC}.Release|Any CPU.Build.0 = Release|Any CPU
		{B10EEC0A-7568-4946-822D-4FEEC5EF3F73}.Debug|Any CPU.ActiveCfg = Debug|Any CPU
		{B10EEC0A-7568-4946-822D-4FEEC5EF3F73}.Debug|Any CPU.Build.0 = Debug|Any CPU
		{B10EEC0A-7568-4946-822D-4FEEC5EF3F73}.Release|Any CPU.ActiveCfg = Release|Any CPU
		{B10EEC0A-7568-4946-822D-4FEEC5EF3F73}.Release|Any CPU.Build.0 = Release|Any CPU
		{E0E2A799-6CF4-40B3-A9F8-D798BAC4200E}.Debug|Any CPU.ActiveCfg = Debug|Any CPU
		{E0E2A799-6CF4-40B3-A9F8-D798BAC4200E}.Debug|Any CPU.Build.0 = Debug|Any CPU
		{E0E2A799-6CF4-40B3-A9F8-D798BAC4200E}.Release|Any CPU.ActiveCfg = Release|Any CPU
		{E0E2A799-6CF4-40B3-A9F8-D798BAC4200E}.Release|Any CPU.Build.0 = Release|Any CPU
		{76BCD427-709C-4C91-ABBE-3E29E7B73FBC}.Debug|Any CPU.ActiveCfg = Debug|Any CPU
		{76BCD427-709C-4C91-ABBE-3E29E7B73FBC}.Debug|Any CPU.Build.0 = Debug|Any CPU
		{76BCD427-709C-4C91-ABBE-3E29E7B73FBC}.Release|Any CPU.ActiveCfg = Release|Any CPU
		{76BCD427-709C-4C91-ABBE-3E29E7B73FBC}.Release|Any CPU.Build.0 = Release|Any CPU
		{0D9B6917-D339-47E9-8D26-1AE33B8B8F9A}.Debug|Any CPU.ActiveCfg = Debug|Any CPU
		{0D9B6917-D339-47E9-8D26-1AE33B8B8F9A}.Debug|Any CPU.Build.0 = Debug|Any CPU
		{0D9B6917-D339-47E9-8D26-1AE33B8B8F9A}.Release|Any CPU.ActiveCfg = Release|Any CPU
		{0D9B6917-D339-47E9-8D26-1AE33B8B8F9A}.Release|Any CPU.Build.0 = Release|Any CPU
		{1E445099-BCF3-4760-AC75-920E1A2E48E2}.Debug|Any CPU.ActiveCfg = Debug|Any CPU
		{1E445099-BCF3-4760-AC75-920E1A2E48E2}.Debug|Any CPU.Build.0 = Debug|Any CPU
		{1E445099-BCF3-4760-AC75-920E1A2E48E2}.Release|Any CPU.ActiveCfg = Release|Any CPU
		{1E445099-BCF3-4760-AC75-920E1A2E48E2}.Release|Any CPU.Build.0 = Release|Any CPU
		{22305A43-81C9-4AFF-BE43-468432FA9783}.Debug|Any CPU.ActiveCfg = Debug|Any CPU
		{22305A43-81C9-4AFF-BE43-468432FA9783}.Debug|Any CPU.Build.0 = Debug|Any CPU
		{22305A43-81C9-4AFF-BE43-468432FA9783}.Release|Any CPU.ActiveCfg = Release|Any CPU
		{22305A43-81C9-4AFF-BE43-468432FA9783}.Release|Any CPU.Build.0 = Release|Any CPU
		{DB5618A9-C0FE-4E56-BED4-2FAD9DED2448}.Debug|Any CPU.ActiveCfg = Debug|Any CPU
		{DB5618A9-C0FE-4E56-BED4-2FAD9DED2448}.Debug|Any CPU.Build.0 = Debug|Any CPU
		{DB5618A9-C0FE-4E56-BED4-2FAD9DED2448}.Release|Any CPU.ActiveCfg = Release|Any CPU
		{DB5618A9-C0FE-4E56-BED4-2FAD9DED2448}.Release|Any CPU.Build.0 = Release|Any CPU
		{275280B9-6E08-4141-9807-EFECC6FB1A5A}.Debug|Any CPU.ActiveCfg = Debug|Any CPU
		{275280B9-6E08-4141-9807-EFECC6FB1A5A}.Debug|Any CPU.Build.0 = Debug|Any CPU
		{275280B9-6E08-4141-9807-EFECC6FB1A5A}.Release|Any CPU.ActiveCfg = Release|Any CPU
		{275280B9-6E08-4141-9807-EFECC6FB1A5A}.Release|Any CPU.Build.0 = Release|Any CPU
		{AA566795-F28C-47C2-A3E1-A0878BAA9406}.Debug|Any CPU.ActiveCfg = Debug|Any CPU
		{AA566795-F28C-47C2-A3E1-A0878BAA9406}.Debug|Any CPU.Build.0 = Debug|Any CPU
		{AA566795-F28C-47C2-A3E1-A0878BAA9406}.Release|Any CPU.ActiveCfg = Release|Any CPU
		{AA566795-F28C-47C2-A3E1-A0878BAA9406}.Release|Any CPU.Build.0 = Release|Any CPU
	EndGlobalSection
EndGlobal
