
Microsoft Visual Studio Solution File, Format Version 12.00
Project("{FAE04EC0-301F-11D3-BF4B-00C04F79EFBC}") = "Day01", "Day01\Day01.csproj", "{55FE15E6-7AF8-460D-A929-C87CE1BE8E5C}"
EndProject
Project("{FAE04EC0-301F-11D3-BF4B-00C04F79EFBC}") = "Day02", "Day02\Day02.csproj", "{28225E19-93A8-4F28-B964-470E77515DBF}"
EndProject
Project("{FAE04EC0-301F-11D3-BF4B-00C04F79EFBC}") = "Day03", "Day03\Day03.csproj", "{B4BCAA77-A9EC-4949-81C0-321C4587C4EC}"
EndProject
Project("{FAE04EC0-301F-11D3-BF4B-00C04F79EFBC}") = "Helpers", "Helpers\Helpers.csproj", "{B10EEC0A-7568-4946-822D-4FEEC5EF3F73}"
EndProject
Project("{FAE04EC0-301F-11D3-BF4B-00C04F79EFBC}") = "Day04", "Day04\Day04.csproj", "{E0E2A799-6CF4-40B3-A9F8-D798BAC4200E}"
EndProject
Project("{FAE04EC0-301F-11D3-BF4B-00C04F79EFBC}") = "Day05", "Day05\Day05.csproj", "{76BCD427-709C-4C91-ABBE-3E29E7B73FBC}"
EndProject
Project("{FAE04EC0-301F-11D3-BF4B-00C04F79EFBC}") = "Day06", "Day06\Day06.csproj", "{0D9B6917-D339-47E9-8D26-1AE33B8B8F9A}"
EndProject
Global
	GlobalSection(SolutionConfigurationPlatforms) = preSolution
		Debug|Any CPU = Debug|Any CPU
		Release|Any CPU = Release|Any CPU
	EndGlobalSection
	GlobalSection(ProjectConfigurationPlatforms) = postSolution
		{55FE15E6-7AF8-460D-A929-C87CE1BE8E5C}.Debug|Any CPU.ActiveCfg = Debug|Any CPU
		{55FE15E6-7AF8-460D-A929-C87CE1BE8E5C}.Debug|Any CPU.Build.0 = Debug|Any CPU
		{55FE15E6-7AF8-460D-A929-C87CE1BE8E5C}.Release|Any CPU.ActiveCfg = Release|Any CPU
		{55FE15E6-7AF8-460D-A929-C87CE1BE8E5C}.Release|Any CPU.Build.0 = Release|Any CPU
		{28225E19-93A8-4F28-B964-470E77515DBF}.Debug|Any CPU.ActiveCfg = Debug|Any CPU
		{28225E19-93A8-4F28-B964-470E77515DBF}.Debug|Any CPU.Build.0 = Debug|Any CPU
		{28225E19-93A8-4F28-B964-470E77515DBF}.Release|Any CPU.ActiveCfg = Release|Any CPU
		{28225E19-93A8-4F28-B964-470E77515DBF}.Release|Any CPU.Build.0 = Release|Any CPU
		{B4BCAA77-A9EC-4949-81C0-321C4587C4EC}.Debug|Any CPU.ActiveCfg = Debug|Any CPU
		{B4BCAA77-A9EC-4949-81C0-321C4587C4EC}.Debug|Any CPU.Build.0 = Debug|Any CPU
		{B4BCAA77-A9EC-4949-81C0-321C4587C4EC}.Release|Any CPU.ActiveCfg = Release|Any CPU
		{B4BCAA77-A9EC-4949-81C0-321C4587C4EC}.Release|Any CPU.Build.0 = Release|Any CPU
		{B10EEC0A-7568-4946-822D-4FEEC5EF3F73}.Debug|Any CPU.ActiveCfg = Debug|Any CPU
		{B10EEC0A-7568-4946-822D-4FEEC5EF3F73}.Debug|Any CPU.Build.0 = Debug|Any CPU
		{B10EEC0A-7568-4946-822D-4FEEC5EF3F73}.Release|Any CPU.ActiveCfg = Release|Any CPU
		{B10EEC0A-7568-4946-822D-4FEEC5EF3F73}.Release|Any CPU.Build.0 = Release|Any CPU
		{E0E2A799-6CF4-40B3-A9F8-D798BAC4200E}.Debug|Any CPU.ActiveCfg = Debug|Any CPU
		{E0E2A799-6CF4-40B3-A9F8-D798BAC4200E}.Debug|Any CPU.Build.0 = Debug|Any CPU
		{E0E2A799-6CF4-40B3-A9F8-D798BAC4200E}.Release|Any CPU.ActiveCfg = Release|Any CPU
		{E0E2A799-6CF4-40B3-A9F8-D798BAC4200E}.Release|Any CPU.Build.0 = Release|Any CPU
		{76BCD427-709C-4C91-ABBE-3E29E7B73FBC}.Debug|Any CPU.ActiveCfg = Debug|Any CPU
		{76BCD427-709C-4C91-ABBE-3E29E7B73FBC}.Debug|Any CPU.Build.0 = Debug|Any CPU
		{76BCD427-709C-4C91-ABBE-3E29E7B73FBC}.Release|Any CPU.ActiveCfg = Release|Any CPU
		{76BCD427-709C-4C91-ABBE-3E29E7B73FBC}.Release|Any CPU.Build.0 = Release|Any CPU
		{0D9B6917-D339-47E9-8D26-1AE33B8B8F9A}.Debug|Any CPU.ActiveCfg = Debug|Any CPU
		{0D9B6917-D339-47E9-8D26-1AE33B8B8F9A}.Debug|Any CPU.Build.0 = Debug|Any CPU
		{0D9B6917-D339-47E9-8D26-1AE33B8B8F9A}.Release|Any CPU.ActiveCfg = Release|Any CPU
		{0D9B6917-D339-47E9-8D26-1AE33B8B8F9A}.Release|Any CPU.Build.0 = Release|Any CPU
	EndGlobalSection
EndGlobal
